// !$*UTF8*$!
{
	archiveVersion = 1;
	classes = {
	};
	objectVersion = 50;
	objects = {

/* Begin PBXBuildFile section */
		538606C32191E605009CAE66 /* AppDelegate.swift in Sources */ = {isa = PBXBuildFile; fileRef = 538606C22191E605009CAE66 /* AppDelegate.swift */; };
		538606C52191E605009CAE66 /* ViewController.swift in Sources */ = {isa = PBXBuildFile; fileRef = 538606C42191E605009CAE66 /* ViewController.swift */; };
		538606C82191E605009CAE66 /* Main.storyboard in Resources */ = {isa = PBXBuildFile; fileRef = 538606C62191E605009CAE66 /* Main.storyboard */; };
		538606CA2191E606009CAE66 /* Assets.xcassets in Resources */ = {isa = PBXBuildFile; fileRef = 538606C92191E606009CAE66 /* Assets.xcassets */; };
		538606CD2191E606009CAE66 /* LaunchScreen.storyboard in Resources */ = {isa = PBXBuildFile; fileRef = 538606CB2191E606009CAE66 /* LaunchScreen.storyboard */; };
		538606D82191E606009CAE66 /* emoJack_warAPPTests.swift in Sources */ = {isa = PBXBuildFile; fileRef = 538606D72191E606009CAE66 /* emoJack_warAPPTests.swift */; };
		538606E32191E606009CAE66 /* emoJack_warAPPUITests.swift in Sources */ = {isa = PBXBuildFile; fileRef = 538606E22191E606009CAE66 /* emoJack_warAPPUITests.swift */; };
/* End PBXBuildFile section */

/* Begin PBXContainerItemProxy section */
		538606D42191E606009CAE66 /* PBXContainerItemProxy */ = {
			isa = PBXContainerItemProxy;
			containerPortal = 538606B72191E605009CAE66 /* Project object */;
			proxyType = 1;
			remoteGlobalIDString = 538606BE2191E605009CAE66;
			remoteInfo = emoJack_warAPP;
		};
		538606DF2191E606009CAE66 /* PBXContainerItemProxy */ = {
			isa = PBXContainerItemProxy;
			containerPortal = 538606B72191E605009CAE66 /* Project object */;
			proxyType = 1;
			remoteGlobalIDString = 538606BE2191E605009CAE66;
			remoteInfo = emoJack_warAPP;
		};
/* End PBXContainerItemProxy section */

/* Begin PBXFileReference section */
		538606BF2191E605009CAE66 /* emoJack_warAPP.app */ = {isa = PBXFileReference; explicitFileType = wrapper.application; includeInIndex = 0; path = emoJack_warAPP.app; sourceTree = BUILT_PRODUCTS_DIR; };
		538606C22191E605009CAE66 /* AppDelegate.swift */ = {isa = PBXFileReference; lastKnownFileType = sourcecode.swift; path = AppDelegate.swift; sourceTree = "<group>"; };
		538606C42191E605009CAE66 /* ViewController.swift */ = {isa = PBXFileReference; lastKnownFileType = sourcecode.swift; path = ViewController.swift; sourceTree = "<group>"; };
		538606C72191E605009CAE66 /* Base */ = {isa = PBXFileReference; lastKnownFileType = file.storyboard; name = Base; path = Base.lproj/Main.storyboard; sourceTree = "<group>"; };
		538606C92191E606009CAE66 /* Assets.xcassets */ = {isa = PBXFileReference; lastKnownFileType = folder.assetcatalog; path = Assets.xcassets; sourceTree = "<group>"; };
		538606CC2191E606009CAE66 /* Base */ = {isa = PBXFileReference; lastKnownFileType = file.storyboard; name = Base; path = Base.lproj/LaunchScreen.storyboard; sourceTree = "<group>"; };
		538606CE2191E606009CAE66 /* Info.plist */ = {isa = PBXFileReference; lastKnownFileType = text.plist.xml; path = Info.plist; sourceTree = "<group>"; };
		538606D32191E606009CAE66 /* emoJack_warAPPTests.xctest */ = {isa = PBXFileReference; explicitFileType = wrapper.cfbundle; includeInIndex = 0; path = emoJack_warAPPTests.xctest; sourceTree = BUILT_PRODUCTS_DIR; };
		538606D72191E606009CAE66 /* emoJack_warAPPTests.swift */ = {isa = PBXFileReference; lastKnownFileType = sourcecode.swift; path = emoJack_warAPPTests.swift; sourceTree = "<group>"; };
		538606D92191E606009CAE66 /* Info.plist */ = {isa = PBXFileReference; lastKnownFileType = text.plist.xml; path = Info.plist; sourceTree = "<group>"; };
		538606DE2191E606009CAE66 /* emoJack_warAPPUITests.xctest */ = {isa = PBXFileReference; explicitFileType = wrapper.cfbundle; includeInIndex = 0; path = emoJack_warAPPUITests.xctest; sourceTree = BUILT_PRODUCTS_DIR; };
		538606E22191E606009CAE66 /* emoJack_warAPPUITests.swift */ = {isa = PBXFileReference; lastKnownFileType = sourcecode.swift; path = emoJack_warAPPUITests.swift; sourceTree = "<group>"; };
		538606E42191E606009CAE66 /* Info.plist */ = {isa = PBXFileReference; lastKnownFileType = text.plist.xml; path = Info.plist; sourceTree = "<group>"; };
/* End PBXFileReference section */

/* Begin PBXFrameworksBuildPhase section */
		538606BC2191E605009CAE66 /* Frameworks */ = {
			isa = PBXFrameworksBuildPhase;
			buildActionMask = 2147483647;
			files = (
			);
			runOnlyForDeploymentPostprocessing = 0;
		};
		538606D02191E606009CAE66 /* Frameworks */ = {
			isa = PBXFrameworksBuildPhase;
			buildActionMask = 2147483647;
			files = (
			);
			runOnlyForDeploymentPostprocessing = 0;
		};
		538606DB2191E606009CAE66 /* Frameworks */ = {
			isa = PBXFrameworksBuildPhase;
			buildActionMask = 2147483647;
			files = (
			);
			runOnlyForDeploymentPostprocessing = 0;
		};
/* End PBXFrameworksBuildPhase section */

/* Begin PBXGroup section */
		538606B62191E605009CAE66 = {
			isa = PBXGroup;
			children = (
				538606C12191E605009CAE66 /* emoJack_warAPP */,
				538606D62191E606009CAE66 /* emoJack_warAPPTests */,
				538606E12191E606009CAE66 /* emoJack_warAPPUITests */,
				538606C02191E605009CAE66 /* Products */,
			);
			sourceTree = "<group>";
		};
		538606C02191E605009CAE66 /* Products */ = {
			isa = PBXGroup;
			children = (
				538606BF2191E605009CAE66 /* emoJack_warAPP.app */,
				538606D32191E606009CAE66 /* emoJack_warAPPTests.xctest */,
				538606DE2191E606009CAE66 /* emoJack_warAPPUITests.xctest */,
			);
			name = Products;
			sourceTree = "<group>";
		};
		538606C12191E605009CAE66 /* emoJack_warAPP */ = {
			isa = PBXGroup;
			children = (
				538606C22191E605009CAE66 /* AppDelegate.swift */,
				538606C42191E605009CAE66 /* ViewController.swift */,
				538606C62191E605009CAE66 /* Main.storyboard */,
				538606C92191E606009CAE66 /* Assets.xcassets */,
				538606CB2191E606009CAE66 /* LaunchScreen.storyboard */,
				538606CE2191E606009CAE66 /* Info.plist */,
			);
			path = emoJack_warAPP;
			sourceTree = "<group>";
		};
		538606D62191E606009CAE66 /* emoJack_warAPPTests */ = {
			isa = PBXGroup;
			children = (
				538606D72191E606009CAE66 /* emoJack_warAPPTests.swift */,
				538606D92191E606009CAE66 /* Info.plist */,
			);
			path = emoJack_warAPPTests;
			sourceTree = "<group>";
		};
		538606E12191E606009CAE66 /* emoJack_warAPPUITests */ = {
			isa = PBXGroup;
			children = (
				538606E22191E606009CAE66 /* emoJack_warAPPUITests.swift */,
				538606E42191E606009CAE66 /* Info.plist */,
			);
			path = emoJack_warAPPUITests;
			sourceTree = "<group>";
		};
/* End PBXGroup section */

/* Begin PBXNativeTarget section */
		538606BE2191E605009CAE66 /* emoJack_warAPP */ = {
			isa = PBXNativeTarget;
			buildConfigurationList = 538606E72191E606009CAE66 /* Build configuration list for PBXNativeTarget "emoJack_warAPP" */;
			buildPhases = (
				538606BB2191E605009CAE66 /* Sources */,
				538606BC2191E605009CAE66 /* Frameworks */,
				538606BD2191E605009CAE66 /* Resources */,
			);
			buildRules = (
			);
			dependencies = (
			);
			name = emoJack_warAPP;
			productName = emoJack_warAPP;
			productReference = 538606BF2191E605009CAE66 /* emoJack_warAPP.app */;
			productType = "com.apple.product-type.application";
		};
		538606D22191E606009CAE66 /* emoJack_warAPPTests */ = {
			isa = PBXNativeTarget;
			buildConfigurationList = 538606EA2191E606009CAE66 /* Build configuration list for PBXNativeTarget "emoJack_warAPPTests" */;
			buildPhases = (
				538606CF2191E606009CAE66 /* Sources */,
				538606D02191E606009CAE66 /* Frameworks */,
				538606D12191E606009CAE66 /* Resources */,
			);
			buildRules = (
			);
			dependencies = (
				538606D52191E606009CAE66 /* PBXTargetDependency */,
			);
			name = emoJack_warAPPTests;
			productName = emoJack_warAPPTests;
			productReference = 538606D32191E606009CAE66 /* emoJack_warAPPTests.xctest */;
			productType = "com.apple.product-type.bundle.unit-test";
		};
		538606DD2191E606009CAE66 /* emoJack_warAPPUITests */ = {
			isa = PBXNativeTarget;
			buildConfigurationList = 538606ED2191E606009CAE66 /* Build configuration list for PBXNativeTarget "emoJack_warAPPUITests" */;
			buildPhases = (
				538606DA2191E606009CAE66 /* Sources */,
				538606DB2191E606009CAE66 /* Frameworks */,
				538606DC2191E606009CAE66 /* Resources */,
			);
			buildRules = (
			);
			dependencies = (
				538606E02191E606009CAE66 /* PBXTargetDependency */,
			);
			name = emoJack_warAPPUITests;
			productName = emoJack_warAPPUITests;
			productReference = 538606DE2191E606009CAE66 /* emoJack_warAPPUITests.xctest */;
			productType = "com.apple.product-type.bundle.ui-testing";
		};
/* End PBXNativeTarget section */

/* Begin PBXProject section */
		538606B72191E605009CAE66 /* Project object */ = {
			isa = PBXProject;
			attributes = {
				LastSwiftUpdateCheck = 1000;
				LastUpgradeCheck = 1000;
				ORGANIZATIONNAME = "Period Two";
				TargetAttributes = {
					538606BE2191E605009CAE66 = {
						CreatedOnToolsVersion = 10.0;
					};
					538606D22191E606009CAE66 = {
						CreatedOnToolsVersion = 10.0;
						TestTargetID = 538606BE2191E605009CAE66;
					};
					538606DD2191E606009CAE66 = {
						CreatedOnToolsVersion = 10.0;
						TestTargetID = 538606BE2191E605009CAE66;
					};
				};
			};
			buildConfigurationList = 538606BA2191E605009CAE66 /* Build configuration list for PBXProject "emoJack_warAPP" */;
			compatibilityVersion = "Xcode 9.3";
			developmentRegion = en;
			hasScannedForEncodings = 0;
			knownRegions = (
				en,
				Base,
			);
			mainGroup = 538606B62191E605009CAE66;
			productRefGroup = 538606C02191E605009CAE66 /* Products */;
			projectDirPath = "";
			projectRoot = "";
			targets = (
				538606BE2191E605009CAE66 /* emoJack_warAPP */,
				538606D22191E606009CAE66 /* emoJack_warAPPTests */,
				538606DD2191E606009CAE66 /* emoJack_warAPPUITests */,
			);
		};
/* End PBXProject section */

/* Begin PBXResourcesBuildPhase section */
		538606BD2191E605009CAE66 /* Resources */ = {
			isa = PBXResourcesBuildPhase;
			buildActionMask = 2147483647;
			files = (
				538606CD2191E606009CAE66 /* LaunchScreen.storyboard in Resources */,
				538606CA2191E606009CAE66 /* Assets.xcassets in Resources */,
				538606C82191E605009CAE66 /* Main.storyboard in Resources */,
			);
			runOnlyForDeploymentPostprocessing = 0;
		};
		538606D12191E606009CAE66 /* Resources */ = {
			isa = PBXResourcesBuildPhase;
			buildActionMask = 2147483647;
			files = (
			);
			runOnlyForDeploymentPostprocessing = 0;
		};
		538606DC2191E606009CAE66 /* Resources */ = {
			isa = PBXResourcesBuildPhase;
			buildActionMask = 2147483647;
			files = (
			);
			runOnlyForDeploymentPostprocessing = 0;
		};
/* End PBXResourcesBuildPhase section */

/* Begin PBXSourcesBuildPhase section */
		538606BB2191E605009CAE66 /* Sources */ = {
			isa = PBXSourcesBuildPhase;
			buildActionMask = 2147483647;
			files = (
				538606C52191E605009CAE66 /* ViewController.swift in Sources */,
				538606C32191E605009CAE66 /* AppDelegate.swift in Sources */,
			);
			runOnlyForDeploymentPostprocessing = 0;
		};
		538606CF2191E606009CAE66 /* Sources */ = {
			isa = PBXSourcesBuildPhase;
			buildActionMask = 2147483647;
			files = (
				538606D82191E606009CAE66 /* emoJack_warAPPTests.swift in Sources */,
			);
			runOnlyForDeploymentPostprocessing = 0;
		};
		538606DA2191E606009CAE66 /* Sources */ = {
			isa = PBXSourcesBuildPhase;
			buildActionMask = 2147483647;
			files = (
				538606E32191E606009CAE66 /* emoJack_warAPPUITests.swift in Sources */,
			);
			runOnlyForDeploymentPostprocessing = 0;
		};
/* End PBXSourcesBuildPhase section */

/* Begin PBXTargetDependency section */
		538606D52191E606009CAE66 /* PBXTargetDependency */ = {
			isa = PBXTargetDependency;
			target = 538606BE2191E605009CAE66 /* emoJack_warAPP */;
			targetProxy = 538606D42191E606009CAE66 /* PBXContainerItemProxy */;
		};
		538606E02191E606009CAE66 /* PBXTargetDependency */ = {
			isa = PBXTargetDependency;
			target = 538606BE2191E605009CAE66 /* emoJack_warAPP */;
			targetProxy = 538606DF2191E606009CAE66 /* PBXContainerItemProxy */;
		};
/* End PBXTargetDependency section */

/* Begin PBXVariantGroup section */
		538606C62191E605009CAE66 /* Main.storyboard */ = {
			isa = PBXVariantGroup;
			children = (
				538606C72191E605009CAE66 /* Base */,
			);
			name = Main.storyboard;
			sourceTree = "<group>";
		};
		538606CB2191E606009CAE66 /* LaunchScreen.storyboard */ = {
			isa = PBXVariantGroup;
			children = (
				538606CC2191E606009CAE66 /* Base */,
			);
			name = LaunchScreen.storyboard;
			sourceTree = "<group>";
		};
/* End PBXVariantGroup section */

/* Begin XCBuildConfiguration section */
		538606E52191E606009CAE66 /* Debug */ = {
			isa = XCBuildConfiguration;
			buildSettings = {
				ALWAYS_SEARCH_USER_PATHS = NO;
				CLANG_ANALYZER_NONNULL = YES;
				CLANG_ANALYZER_NUMBER_OBJECT_CONVERSION = YES_AGGRESSIVE;
				CLANG_CXX_LANGUAGE_STANDARD = "gnu++14";
				CLANG_CXX_LIBRARY = "libc++";
				CLANG_ENABLE_MODULES = YES;
				CLANG_ENABLE_OBJC_ARC = YES;
				CLANG_ENABLE_OBJC_WEAK = YES;
				CLANG_WARN_BLOCK_CAPTURE_AUTORELEASING = YES;
				CLANG_WARN_BOOL_CONVERSION = YES;
				CLANG_WARN_COMMA = YES;
				CLANG_WARN_CONSTANT_CONVERSION = YES;
				CLANG_WARN_DEPRECATED_OBJC_IMPLEMENTATIONS = YES;
				CLANG_WARN_DIRECT_OBJC_ISA_USAGE = YES_ERROR;
				CLANG_WARN_DOCUMENTATION_COMMENTS = YES;
				CLANG_WARN_EMPTY_BODY = YES;
				CLANG_WARN_ENUM_CONVERSION = YES;
				CLANG_WARN_INFINITE_RECURSION = YES;
				CLANG_WARN_INT_CONVERSION = YES;
				CLANG_WARN_NON_LITERAL_NULL_CONVERSION = YES;
				CLANG_WARN_OBJC_IMPLICIT_RETAIN_SELF = YES;
				CLANG_WARN_OBJC_LITERAL_CONVERSION = YES;
				CLANG_WARN_OBJC_ROOT_CLASS = YES_ERROR;
				CLANG_WARN_RANGE_LOOP_ANALYSIS = YES;
				CLANG_WARN_STRICT_PROTOTYPES = YES;
				CLANG_WARN_SUSPICIOUS_MOVE = YES;
				CLANG_WARN_UNGUARDED_AVAILABILITY = YES_AGGRESSIVE;
				CLANG_WARN_UNREACHABLE_CODE = YES;
				CLANG_WARN__DUPLICATE_METHOD_MATCH = YES;
				CODE_SIGN_IDENTITY = "iPhone Developer";
				COPY_PHASE_STRIP = NO;
				DEBUG_INFORMATION_FORMAT = dwarf;
				ENABLE_STRICT_OBJC_MSGSEND = YES;
				ENABLE_TESTABILITY = YES;
				GCC_C_LANGUAGE_STANDARD = gnu11;
				GCC_DYNAMIC_NO_PIC = NO;
				GCC_NO_COMMON_BLOCKS = YES;
				GCC_OPTIMIZATION_LEVEL = 0;
				GCC_PREPROCESSOR_DEFINITIONS = (
					"DEBUG=1",
					"$(inherited)",
				);
				GCC_WARN_64_TO_32_BIT_CONVERSION = YES;
				GCC_WARN_ABOUT_RETURN_TYPE = YES_ERROR;
				GCC_WARN_UNDECLARED_SELECTOR = YES;
				GCC_WARN_UNINITIALIZED_AUTOS = YES_AGGRESSIVE;
				GCC_WARN_UNUSED_FUNCTION = YES;
				GCC_WARN_UNUSED_VARIABLE = YES;
				IPHONEOS_DEPLOYMENT_TARGET = 12.0;
				MTL_ENABLE_DEBUG_INFO = INCLUDE_SOURCE;
				MTL_FAST_MATH = YES;
				ONLY_ACTIVE_ARCH = YES;
				SDKROOT = iphoneos;
				SWIFT_ACTIVE_COMPILATION_CONDITIONS = DEBUG;
				SWIFT_OPTIMIZATION_LEVEL = "-Onone";
			};
			name = Debug;
		};
		538606E62191E606009CAE66 /* Release */ = {
			isa = XCBuildConfiguration;
			buildSettings = {
				ALWAYS_SEARCH_USER_PATHS = NO;
				CLANG_ANALYZER_NONNULL = YES;
				CLANG_ANALYZER_NUMBER_OBJECT_CONVERSION = YES_AGGRESSIVE;
				CLANG_CXX_LANGUAGE_STANDARD = "gnu++14";
				CLANG_CXX_LIBRARY = "libc++";
				CLANG_ENABLE_MODULES = YES;
				CLANG_ENABLE_OBJC_ARC = YES;
				CLANG_ENABLE_OBJC_WEAK = YES;
				CLANG_WARN_BLOCK_CAPTURE_AUTORELEASING = YES;
				CLANG_WARN_BOOL_CONVERSION = YES;
				CLANG_WARN_COMMA = YES;
				CLANG_WARN_CONSTANT_CONVERSION = YES;
				CLANG_WARN_DEPRECATED_OBJC_IMPLEMENTATIONS = YES;
				CLANG_WARN_DIRECT_OBJC_ISA_USAGE = YES_ERROR;
				CLANG_WARN_DOCUMENTATION_COMMENTS = YES;
				CLANG_WARN_EMPTY_BODY = YES;
				CLANG_WARN_ENUM_CONVERSION = YES;
				CLANG_WARN_INFINITE_RECURSION = YES;
				CLANG_WARN_INT_CONVERSION = YES;
				CLANG_WARN_NON_LITERAL_NULL_CONVERSION = YES;
				CLANG_WARN_OBJC_IMPLICIT_RETAIN_SELF = YES;
				CLANG_WARN_OBJC_LITERAL_CONVERSION = YES;
				CLANG_WARN_OBJC_ROOT_CLASS = YES_ERROR;
				CLANG_WARN_RANGE_LOOP_ANALYSIS = YES;
				CLANG_WARN_STRICT_PROTOTYPES = YES;
				CLANG_WARN_SUSPICIOUS_MOVE = YES;
				CLANG_WARN_UNGUARDED_AVAILABILITY = YES_AGGRESSIVE;
				CLANG_WARN_UNREACHABLE_CODE = YES;
				CLANG_WARN__DUPLICATE_METHOD_MATCH = YES;
				CODE_SIGN_IDENTITY = "iPhone Developer";
				COPY_PHASE_STRIP = NO;
				DEBUG_INFORMATION_FORMAT = "dwarf-with-dsym";
				ENABLE_NS_ASSERTIONS = NO;
				ENABLE_STRICT_OBJC_MSGSEND = YES;
				GCC_C_LANGUAGE_STANDARD = gnu11;
				GCC_NO_COMMON_BLOCKS = YES;
				GCC_WARN_64_TO_32_BIT_CONVERSION = YES;
				GCC_WARN_ABOUT_RETURN_TYPE = YES_ERROR;
				GCC_WARN_UNDECLARED_SELECTOR = YES;
				GCC_WARN_UNINITIALIZED_AUTOS = YES_AGGRESSIVE;
				GCC_WARN_UNUSED_FUNCTION = YES;
				GCC_WARN_UNUSED_VARIABLE = YES;
				IPHONEOS_DEPLOYMENT_TARGET = 12.0;
				MTL_ENABLE_DEBUG_INFO = NO;
				MTL_FAST_MATH = YES;
				SDKROOT = iphoneos;
				SWIFT_COMPILATION_MODE = wholemodule;
				SWIFT_OPTIMIZATION_LEVEL = "-O";
				VALIDATE_PRODUCT = YES;
			};
			name = Release;
		};
		538606E82191E606009CAE66 /* Debug */ = {
			isa = XCBuildConfiguration;
			buildSettings = {
				ASSETCATALOG_COMPILER_APPICON_NAME = AppIcon;
				CODE_SIGN_STYLE = Automatic;
				INFOPLIST_FILE = emoJack_warAPP/Info.plist;
				LD_RUNPATH_SEARCH_PATHS = (
					"$(inherited)",
					"@executable_path/Frameworks",
				);
				PRODUCT_BUNDLE_IDENTIFIER = "warApp.emoJack-warAPP";
				PRODUCT_NAME = "$(TARGET_NAME)";
				SWIFT_VERSION = 4.2;
				TARGETED_DEVICE_FAMILY = "1,2";
			};
			name = Debug;
		};
		538606E92191E606009CAE66 /* Release */ = {
			isa = XCBuildConfiguration;
			buildSettings = {
				ASSETCATALOG_COMPILER_APPICON_NAME = AppIcon;
				CODE_SIGN_STYLE = Automatic;
				INFOPLIST_FILE = emoJack_warAPP/Info.plist;
				LD_RUNPATH_SEARCH_PATHS = (
					"$(inherited)",
					"@executable_path/Frameworks",
				);
				PRODUCT_BUNDLE_IDENTIFIER = "warApp.emoJack-warAPP";
				PRODUCT_NAME = "$(TARGET_NAME)";
				SWIFT_VERSION = 4.2;
				TARGETED_DEVICE_FAMILY = "1,2";
			};
			name = Release;
		};
		538606EB2191E606009CAE66 /* Debug */ = {
			isa = XCBuildConfiguration;
			buildSettings = {
				ALWAYS_EMBED_SWIFT_STANDARD_LIBRARIES = YES;
				BUNDLE_LOADER = "$(TEST_HOST)";
				CODE_SIGN_STYLE = Automatic;
				INFOPLIST_FILE = emoJack_warAPPTests/Info.plist;
				LD_RUNPATH_SEARCH_PATHS = (
					"$(inherited)",
					"@executable_path/Frameworks",
					"@loader_path/Frameworks",
				);
				PRODUCT_BUNDLE_IDENTIFIER = "warApp.emoJack-warAPPTests";
				PRODUCT_NAME = "$(TARGET_NAME)";
				SWIFT_VERSION = 4.2;
				TARGETED_DEVICE_FAMILY = "1,2";
				TEST_HOST = "$(BUILT_PRODUCTS_DIR)/emoJack_warAPP.app/emoJack_warAPP";
			};
			name = Debug;
		};
		538606EC2191E606009CAE66 /* Release */ = {
			isa = XCBuildConfiguration;
			buildSettings = {
				ALWAYS_EMBED_SWIFT_STANDARD_LIBRARIES = YES;
				BUNDLE_LOADER = "$(TEST_HOST)";
				CODE_SIGN_STYLE = Automatic;
				INFOPLIST_FILE = emoJack_warAPPTests/Info.plist;
				LD_RUNPATH_SEARCH_PATHS = (
					"$(inherited)",
					"@executable_path/Frameworks",
					"@loader_path/Frameworks",
				);
				PRODUCT_BUNDLE_IDENTIFIER = "warApp.emoJack-warAPPTests";
				PRODUCT_NAME = "$(TARGET_NAME)";
				SWIFT_VERSION = 4.2;
				TARGETED_DEVICE_FAMILY = "1,2";
				TEST_HOST = "$(BUILT_PRODUCTS_DIR)/emoJack_warAPP.app/emoJack_warAPP";
			};
			name = Release;
		};
		538606EE2191E606009CAE66 /* Debug */ = {
			isa = XCBuildConfiguration;
			buildSettings = {
				ALWAYS_EMBED_SWIFT_STANDARD_LIBRARIES = YES;
				CODE_SIGN_STYLE = Automatic;
				INFOPLIST_FILE = emoJack_warAPPUITests/Info.plist;
				LD_RUNPATH_SEARCH_PATHS = (
					"$(inherited)",
					"@executable_path/Frameworks",
					"@loader_path/Frameworks",
				);
				PRODUCT_BUNDLE_IDENTIFIER = "warApp.emoJack-warAPPUITests";
				PRODUCT_NAME = "$(TARGET_NAME)";
				SWIFT_VERSION = 4.2;
				TARGETED_DEVICE_FAMILY = "1,2";
				TEST_TARGET_NAME = emoJack_warAPP;
			};
			name = Debug;
		};
		538606EF2191E606009CAE66 /* Release */ = {
			isa = XCBuildConfiguration;
			buildSettings = {
				ALWAYS_EMBED_SWIFT_STANDARD_LIBRARIES = YES;
				CODE_SIGN_STYLE = Automatic;
				INFOPLIST_FILE = emoJack_warAPPUITests/Info.plist;
				LD_RUNPATH_SEARCH_PATHS = (
					"$(inherited)",
					"@executable_path/Frameworks",
					"@loader_path/Frameworks",
				);
				PRODUCT_BUNDLE_IDENTIFIER = "warApp.emoJack-warAPPUITests";
				PRODUCT_NAME = "$(TARGET_NAME)";
				SWIFT_VERSION = 4.2;
				TARGETED_DEVICE_FAMILY = "1,2";
				TEST_TARGET_NAME = emoJack_warAPP;
			};
			name = Release;
		};
/* End XCBuildConfiguration section */

/* Begin XCConfigurationList section */
		538606BA2191E605009CAE66 /* Build configuration list for PBXProject "emoJack_warAPP" */ = {
			isa = XCConfigurationList;
			buildConfigurations = (
				538606E52191E606009CAE66 /* Debug */,
				538606E62191E606009CAE66 /* Release */,
			);
			defaultConfigurationIsVisible = 0;
			defaultConfigurationName = Release;
		};
		538606E72191E606009CAE66 /* Build configuration list for PBXNativeTarget "emoJack_warAPP" */ = {
			isa = XCConfigurationList;
			buildConfigurations = (
				538606E82191E606009CAE66 /* Debug */,
				538606E92191E606009CAE66 /* Release */,
			);
			defaultConfigurationIsVisible = 0;
			defaultConfigurationName = Release;
		};
		538606EA2191E606009CAE66 /* Build configuration list for PBXNativeTarget "emoJack_warAPPTests" */ = {
			isa = XCConfigurationList;
			buildConfigurations = (
				538606EB2191E606009CAE66 /* Debug */,
				538606EC2191E606009CAE66 /* Release */,
			);
			defaultConfigurationIsVisible = 0;
			defaultConfigurationName = Release;
		};
		538606ED2191E606009CAE66 /* Build configuration list for PBXNativeTarget "emoJack_warAPPUITests" */ = {
			isa = XCConfigurationList;
			buildConfigurations = (
				538606EE2191E606009CAE66 /* Debug */,
				538606EF2191E606009CAE66 /* Release */,
			);
			defaultConfigurationIsVisible = 0;
			defaultConfigurationName = Release;
		};
/* End XCConfigurationList section */
	};
	rootObject = 538606B72191E605009CAE66 /* Project object */;
}
